
Microsoft Visual Studio Solution File, Format Version 12.00
# Visual Studio Version 16
VisualStudioVersion = 16.0.31613.86
MinimumVisualStudioVersion = 10.0.40219.1
Project("{2150E333-8FDC-42A3-9474-1A3956D46DE8}") = "Capas", "Capas", "{148FE4F6-9E13-4A3C-967C-65576B0DBA9B}"
EndProject
Project("{2150E333-8FDC-42A3-9474-1A3956D46DE8}") = "1. Presentacion", "1. Presentacion", "{4CE86035-39DF-4C32-AFCA-8E48E2FC8BD9}"
EndProject
Project("{2150E333-8FDC-42A3-9474-1A3956D46DE8}") = "2. Aplicacion", "2. Aplicacion", "{61332129-5259-4D2D-B6E0-5FB3D1EDBBE1}"
EndProject
Project("{2150E333-8FDC-42A3-9474-1A3956D46DE8}") = "3. Dominio", "3. Dominio", "{CEB8EA97-4B40-438A-AE73-046D3D381A55}"
EndProject
Project("{2150E333-8FDC-42A3-9474-1A3956D46DE8}") = "4. Persistencia", "4. Persistencia", "{5D5235D6-56E5-4334-AEF9-DCD357D5C2C4}"
EndProject
Project("{2150E333-8FDC-42A3-9474-1A3956D46DE8}") = "WinForms", "WinForms", "{17C6F2D4-CEDC-423B-B84C-9FD2FF6B2A8F}"
EndProject
Project("{FAE04EC0-301F-11D3-BF4B-00C04F79EFBC}") = "Capa1_Presentacion.WinForms", "Capa1_Presentacion.WinForms\Capa1_Presentacion.WinForms.csproj", "{F001F148-C943-4F0B-A9BE-935E88C8540D}"
EndProject
Project("{FAE04EC0-301F-11D3-BF4B-00C04F79EFBC}") = "Capa2_Aplicacion", "Capa2_Aplicacion\Capa2_Aplicacion.csproj", "{3338E84C-172D-4E4B-A03A-D99B86219188}"
EndProject
Project("{FAE04EC0-301F-11D3-BF4B-00C04F79EFBC}") = "Capa3_Dominio", "Capa3_Dominio\Capa3_Dominio.csproj", "{BF889AFF-9BDB-45B9-9B0D-41307D4B7B4E}"
EndProject
Project("{FAE04EC0-301F-11D3-BF4B-00C04F79EFBC}") = "Capa4_Persistencia", "Capa4_Persistencia\Capa4_Persistencia.csproj", "{215BE696-C9C3-4D4A-BCE7-24A65CC274D3}"
EndProject
Project("{2150E333-8FDC-42A3-9474-1A3956D46DE8}") = "5.commun", "5.commun", "{A9DF49BB-7A8B-4C44-8CBB-C6096EE6AD81}"
EndProject
Project("{FAE04EC0-301F-11D3-BF4B-00C04F79EFBC}") = "Common.Nomina.Query", "Common.Nomina.Query\Common.Nomina.Query.csproj", "{3E4AA7E4-EC42-429C-84E3-D02ABED5A892}"
EndProject
Global
	GlobalSection(SolutionConfigurationPlatforms) = preSolution
		Debug|Any CPU = Debug|Any CPU
		Release|Any CPU = Release|Any CPU
	EndGlobalSection
	GlobalSection(ProjectConfigurationPlatforms) = postSolution
		{F001F148-C943-4F0B-A9BE-935E88C8540D}.Debug|Any CPU.ActiveCfg = Debug|Any CPU
		{F001F148-C943-4F0B-A9BE-935E88C8540D}.Debug|Any CPU.Build.0 = Debug|Any CPU
		{F001F148-C943-4F0B-A9BE-935E88C8540D}.Release|Any CPU.ActiveCfg = Release|Any CPU
		{F001F148-C943-4F0B-A9BE-935E88C8540D}.Release|Any CPU.Build.0 = Release|Any CPU
		{3338E84C-172D-4E4B-A03A-D99B86219188}.Debug|Any CPU.ActiveCfg = Debug|Any CPU
		{3338E84C-172D-4E4B-A03A-D99B86219188}.Debug|Any CPU.Build.0 = Debug|Any CPU
		{3338E84C-172D-4E4B-A03A-D99B86219188}.Release|Any CPU.ActiveCfg = Release|Any CPU
		{3338E84C-172D-4E4B-A03A-D99B86219188}.Release|Any CPU.Build.0 = Release|Any CPU
		{BF889AFF-9BDB-45B9-9B0D-41307D4B7B4E}.Debug|Any CPU.ActiveCfg = Debug|Any CPU
		{BF889AFF-9BDB-45B9-9B0D-41307D4B7B4E}.Debug|Any CPU.Build.0 = Debug|Any CPU
		{BF889AFF-9BDB-45B9-9B0D-41307D4B7B4E}.Release|Any CPU.ActiveCfg = Release|Any CPU
		{BF889AFF-9BDB-45B9-9B0D-41307D4B7B4E}.Release|Any CPU.Build.0 = Release|Any CPU
		{215BE696-C9C3-4D4A-BCE7-24A65CC274D3}.Debug|Any CPU.ActiveCfg = Debug|Any CPU
		{215BE696-C9C3-4D4A-BCE7-24A65CC274D3}.Debug|Any CPU.Build.0 = Debug|Any CPU
		{215BE696-C9C3-4D4A-BCE7-24A65CC274D3}.Release|Any CPU.ActiveCfg = Release|Any CPU
		{215BE696-C9C3-4D4A-BCE7-24A65CC274D3}.Release|Any CPU.Build.0 = Release|Any CPU
		{3E4AA7E4-EC42-429C-84E3-D02ABED5A892}.Debug|Any CPU.ActiveCfg = Debug|Any CPU
		{3E4AA7E4-EC42-429C-84E3-D02ABED5A892}.Debug|Any CPU.Build.0 = Debug|Any CPU
		{3E4AA7E4-EC42-429C-84E3-D02ABED5A892}.Release|Any CPU.ActiveCfg = Release|Any CPU
		{3E4AA7E4-EC42-429C-84E3-D02ABED5A892}.Release|Any CPU.Build.0 = Release|Any CPU
	EndGlobalSection
	GlobalSection(SolutionProperties) = preSolution
		HideSolutionNode = FALSE
	EndGlobalSection
	GlobalSection(NestedProjects) = preSolution
		{4CE86035-39DF-4C32-AFCA-8E48E2FC8BD9} = {148FE4F6-9E13-4A3C-967C-65576B0DBA9B}
		{61332129-5259-4D2D-B6E0-5FB3D1EDBBE1} = {148FE4F6-9E13-4A3C-967C-65576B0DBA9B}
		{CEB8EA97-4B40-438A-AE73-046D3D381A55} = {148FE4F6-9E13-4A3C-967C-65576B0DBA9B}
		{5D5235D6-56E5-4334-AEF9-DCD357D5C2C4} = {148FE4F6-9E13-4A3C-967C-65576B0DBA9B}
		{17C6F2D4-CEDC-423B-B84C-9FD2FF6B2A8F} = {4CE86035-39DF-4C32-AFCA-8E48E2FC8BD9}
		{F001F148-C943-4F0B-A9BE-935E88C8540D} = {17C6F2D4-CEDC-423B-B84C-9FD2FF6B2A8F}
		{3338E84C-172D-4E4B-A03A-D99B86219188} = {61332129-5259-4D2D-B6E0-5FB3D1EDBBE1}
		{BF889AFF-9BDB-45B9-9B0D-41307D4B7B4E} = {CEB8EA97-4B40-438A-AE73-046D3D381A55}
		{215BE696-C9C3-4D4A-BCE7-24A65CC274D3} = {5D5235D6-56E5-4334-AEF9-DCD357D5C2C4}
		{A9DF49BB-7A8B-4C44-8CBB-C6096EE6AD81} = {148FE4F6-9E13-4A3C-967C-65576B0DBA9B}
		{3E4AA7E4-EC42-429C-84E3-D02ABED5A892} = {A9DF49BB-7A8B-4C44-8CBB-C6096EE6AD81}
	EndGlobalSection
	GlobalSection(ExtensibilityGlobals) = postSolution
		SolutionGuid = {EEEAB095-5BFC-441C-967D-7D10F6DD011E}
	EndGlobalSection
EndGlobal
